
Microsoft Visual Studio Solution File, Format Version 12.00
# Visual Studio 14
VisualStudioVersion = 14.0.25123.0
MinimumVisualStudioVersion = 10.0.40219.1
Project("{FAE04EC0-301F-11D3-BF4B-00C04F79EFBC}") = "CalculoImposto.Application.Test", "test\CalculoImposto.Test\CalculoImposto.Application.Test.csproj", "{C3007DE0-7D21-4E9F-98EF-F9BF83229E89}"
EndProject
Project("{FAE04EC0-301F-11D3-BF4B-00C04F79EFBC}") = "CalculoImposto.Domain", "src\CalculoImposto.Domain\CalculoImposto.Domain.csproj", "{B25D524D-DA1C-40AD-84F4-66E7E1B86E7C}"
EndProject
Project("{2150E333-8FDC-42A3-9474-1A3956D46DE8}") = "Domain", "Domain", "{1AD19A31-83C4-4B0D-82A0-F100908A8D8B}"
EndProject
Project("{FAE04EC0-301F-11D3-BF4B-00C04F79EFBC}") = "CalculoImposto.Domain.Test", "test\CalculoImposto.Domain.Test\CalculoImposto.Domain.Test.csproj", "{FF92B1B9-246A-42DB-B001-28A6F0E290CD}"
EndProject
Project("{2150E333-8FDC-42A3-9474-1A3956D46DE8}") = "Application", "Application", "{ACD6F6AF-4018-4F91-A42A-E525372155BD}"
EndProject
Project("{FAE04EC0-301F-11D3-BF4B-00C04F79EFBC}") = "CalculoImposto.Application", "src\CalculoImposto.Application\CalculoImposto.Application.csproj", "{22C67110-4F5D-4C35-B87F-164BE0FDD5FB}"
EndProject
Project("{2150E333-8FDC-42A3-9474-1A3956D46DE8}") = "OProblemaDoCalculoIR", "OProblemaDoCalculoIR", "{CBA27A38-8669-4F2A-94D1-E0B3FEA53E85}"
	ProjectSection(SolutionItems) = preProject
		docs\Problema do Calculos do IR.JPG = docs\Problema do Calculos do IR.JPG
	EndProjectSection
EndProject
Global
	GlobalSection(SolutionConfigurationPlatforms) = preSolution
		Debug|Any CPU = Debug|Any CPU
		Release|Any CPU = Release|Any CPU
	EndGlobalSection
	GlobalSection(ProjectConfigurationPlatforms) = postSolution
		{C3007DE0-7D21-4E9F-98EF-F9BF83229E89}.Debug|Any CPU.ActiveCfg = Debug|Any CPU
		{C3007DE0-7D21-4E9F-98EF-F9BF83229E89}.Debug|Any CPU.Build.0 = Debug|Any CPU
		{C3007DE0-7D21-4E9F-98EF-F9BF83229E89}.Release|Any CPU.ActiveCfg = Release|Any CPU
		{C3007DE0-7D21-4E9F-98EF-F9BF83229E89}.Release|Any CPU.Build.0 = Release|Any CPU
		{B25D524D-DA1C-40AD-84F4-66E7E1B86E7C}.Debug|Any CPU.ActiveCfg = Debug|Any CPU
		{B25D524D-DA1C-40AD-84F4-66E7E1B86E7C}.Debug|Any CPU.Build.0 = Debug|Any CPU
		{B25D524D-DA1C-40AD-84F4-66E7E1B86E7C}.Release|Any CPU.ActiveCfg = Release|Any CPU
		{B25D524D-DA1C-40AD-84F4-66E7E1B86E7C}.Release|Any CPU.Build.0 = Release|Any CPU
		{FF92B1B9-246A-42DB-B001-28A6F0E290CD}.Debug|Any CPU.ActiveCfg = Debug|Any CPU
		{FF92B1B9-246A-42DB-B001-28A6F0E290CD}.Debug|Any CPU.Build.0 = Debug|Any CPU
		{FF92B1B9-246A-42DB-B001-28A6F0E290CD}.Release|Any CPU.ActiveCfg = Release|Any CPU
		{FF92B1B9-246A-42DB-B001-28A6F0E290CD}.Release|Any CPU.Build.0 = Release|Any CPU
		{22C67110-4F5D-4C35-B87F-164BE0FDD5FB}.Debug|Any CPU.ActiveCfg = Debug|Any CPU
		{22C67110-4F5D-4C35-B87F-164BE0FDD5FB}.Debug|Any CPU.Build.0 = Debug|Any CPU
		{22C67110-4F5D-4C35-B87F-164BE0FDD5FB}.Release|Any CPU.ActiveCfg = Release|Any CPU
		{22C67110-4F5D-4C35-B87F-164BE0FDD5FB}.Release|Any CPU.Build.0 = Release|Any CPU
	EndGlobalSection
	GlobalSection(SolutionProperties) = preSolution
		HideSolutionNode = FALSE
	EndGlobalSection
	GlobalSection(NestedProjects) = preSolution
		{C3007DE0-7D21-4E9F-98EF-F9BF83229E89} = {ACD6F6AF-4018-4F91-A42A-E525372155BD}
		{B25D524D-DA1C-40AD-84F4-66E7E1B86E7C} = {1AD19A31-83C4-4B0D-82A0-F100908A8D8B}
		{FF92B1B9-246A-42DB-B001-28A6F0E290CD} = {1AD19A31-83C4-4B0D-82A0-F100908A8D8B}
		{22C67110-4F5D-4C35-B87F-164BE0FDD5FB} = {ACD6F6AF-4018-4F91-A42A-E525372155BD}
	EndGlobalSection
EndGlobal
